
Microsoft Visual Studio Solution File, Format Version 12.00
# Visual Studio Version 17
VisualStudioVersion = 17.4.33213.308
MinimumVisualStudioVersion = 10.0.40219.1
Project("{FAE04EC0-301F-11D3-BF4B-00C04F79EFBC}") = "AdvancedCSharp", "AdvancedCSharp\AdvancedCSharp.csproj", "{E4AA4123-2935-4F71-B4DF-44EFA76BD18D}"
EndProject
Global
	GlobalSection(SolutionConfigurationPlatforms) = preSolution
		Debug|Any CPU = Debug|Any CPU
		Release|Any CPU = Release|Any CPU
	EndGlobalSection
	GlobalSection(ProjectConfigurationPlatforms) = postSolution
		{E4AA4123-2935-4F71-B4DF-44EFA76BD18D}.Debug|Any CPU.ActiveCfg = Debug|Any CPU
		{E4AA4123-2935-4F71-B4DF-44EFA76BD18D}.Debug|Any CPU.Build.0 = Debug|Any CPU
		{E4AA4123-2935-4F71-B4DF-44EFA76BD18D}.Release|Any CPU.ActiveCfg = Release|Any CPU
		{E4AA4123-2935-4F71-B4DF-44EFA76BD18D}.Release|Any CPU.Build.0 = Release|Any CPU
	EndGlobalSection
	GlobalSection(SolutionProperties) = preSolution
		HideSolutionNode = FALSE
	EndGlobalSection
	GlobalSection(ExtensibilityGlobals) = postSolution
		SolutionGuid = {83E95C49-0F23-4D80-B914-45D35F5FCDE6}
	EndGlobalSection
EndGlobal
